
Microsoft Visual Studio Solution File, Format Version 12.00
# Visual Studio Version 17
VisualStudioVersion = 17.14.36401.2 d17.14
MinimumVisualStudioVersion = 10.0.40219.1
Project("{FAE04EC0-301F-11D3-BF4B-00C04F79EFBC}") = "Exe02_310825", "Exe02_310825\Exe02_310825.csproj", "{6DCFAF18-113A-4454-A784-A72EB36A6E92}"
EndProject
Global
	GlobalSection(SolutionConfigurationPlatforms) = preSolution
		Debug|Any CPU = Debug|Any CPU
		Release|Any CPU = Release|Any CPU
	EndGlobalSection
	GlobalSection(ProjectConfigurationPlatforms) = postSolution
		{6DCFAF18-113A-4454-A784-A72EB36A6E92}.Debug|Any CPU.ActiveCfg = Debug|Any CPU
		{6DCFAF18-113A-4454-A784-A72EB36A6E92}.Debug|Any CPU.Build.0 = Debug|Any CPU
		{6DCFAF18-113A-4454-A784-A72EB36A6E92}.Release|Any CPU.ActiveCfg = Release|Any CPU
		{6DCFAF18-113A-4454-A784-A72EB36A6E92}.Release|Any CPU.Build.0 = Release|Any CPU
	EndGlobalSection
	GlobalSection(SolutionProperties) = preSolution
		HideSolutionNode = FALSE
	EndGlobalSection
	GlobalSection(ExtensibilityGlobals) = postSolution
		SolutionGuid = {8A55121B-8C1A-4F0A-8776-507F55BE9DDC}
	EndGlobalSection
EndGlobal
