
Microsoft Visual Studio Solution File, Format Version 12.00
# Visual Studio Version 17
VisualStudioVersion = 17.14.36401.2 d17.14
MinimumVisualStudioVersion = 10.0.40219.1
Project("{FAE04EC0-301F-11D3-BF4B-00C04F79EFBC}") = "Exe02", "Exe02\Exe02.csproj", "{A9D76DC5-3DEE-48BC-AF50-7665738DCD9A}"
EndProject
Global
	GlobalSection(SolutionConfigurationPlatforms) = preSolution
		Debug|Any CPU = Debug|Any CPU
		Release|Any CPU = Release|Any CPU
	EndGlobalSection
	GlobalSection(ProjectConfigurationPlatforms) = postSolution
		{A9D76DC5-3DEE-48BC-AF50-7665738DCD9A}.Debug|Any CPU.ActiveCfg = Debug|Any CPU
		{A9D76DC5-3DEE-48BC-AF50-7665738DCD9A}.Debug|Any CPU.Build.0 = Debug|Any CPU
		{A9D76DC5-3DEE-48BC-AF50-7665738DCD9A}.Release|Any CPU.ActiveCfg = Release|Any CPU
		{A9D76DC5-3DEE-48BC-AF50-7665738DCD9A}.Release|Any CPU.Build.0 = Release|Any CPU
	EndGlobalSection
	GlobalSection(SolutionProperties) = preSolution
		HideSolutionNode = FALSE
	EndGlobalSection
	GlobalSection(ExtensibilityGlobals) = postSolution
		SolutionGuid = {BA7DFAF5-01CB-4A56-97DF-BE68D6BA99CC}
	EndGlobalSection
EndGlobal
